
Microsoft Visual Studio Solution File, Format Version 12.00
# Visual Studio Version 17
VisualStudioVersion = 17.6.33815.320
MinimumVisualStudioVersion = 10.0.40219.1
Project("{9A19103F-16F7-4668-BE54-9A1E7A4F7556}") = "Catharsium.Images.ConsoleApp", "Catharsium.Images.ConsoleApp\Catharsium.Images.ConsoleApp.csproj", "{0AFC1DA6-EA3C-47A0-A8A8-468753377B81}"
EndProject
Project("{9A19103F-16F7-4668-BE54-9A1E7A4F7556}") = "Catharsium.Images.Watermarking", "Catharsium.Images.Watermarking\Catharsium.Images.Watermarking.csproj", "{017E87F3-B064-4322-AE01-BF34D4340B53}"
EndProject
Project("{9A19103F-16F7-4668-BE54-9A1E7A4F7556}") = "Catharsium.Images.ConsoleApp.Tests", "Catharsium.Images.ConsoleApp.Tests\Catharsium.Images.ConsoleApp.Tests.csproj", "{C1427ACC-C967-4AFC-BA52-913720AD3806}"
EndProject
Project("{9A19103F-16F7-4668-BE54-9A1E7A4F7556}") = "Catharsium.Images.Watermarking.Tests", "Catharsium.Images.Watermarking.Tests\Catharsium.Images.Watermarking.Tests.csproj", "{C75AC340-376B-4FB7-BD34-B0E12DB1025E}"
EndProject
Project("{9A19103F-16F7-4668-BE54-9A1E7A4F7556}") = "Catharsium.Images.Core", "Catharsium.Images.Core\Catharsium.Images.Core.csproj", "{157C1416-B285-4BF7-81A3-6113DC16D7AA}"
EndProject
Project("{9A19103F-16F7-4668-BE54-9A1E7A4F7556}") = "Catharsium.Images.Core.Tests", "Catharsium.Images.Core.Tests\Catharsium.Images.Core.Tests.csproj", "{D33D7A75-A55D-4D17-865A-D12AF47D503F}"
EndProject
Project("{2150E333-8FDC-42A3-9474-1A3956D46DE8}") = "Solution Items", "Solution Items", "{13E46245-59BC-47B8-9173-F32839C7259D}"
	ProjectSection(SolutionItems) = preProject
		..\..\Published\Catharsium.Images\appsettings.json = ..\..\Published\Catharsium.Images\appsettings.json
	EndProjectSection
EndProject
Global
	GlobalSection(SolutionConfigurationPlatforms) = preSolution
		Debug|Any CPU = Debug|Any CPU
		Release|Any CPU = Release|Any CPU
	EndGlobalSection
	GlobalSection(ProjectConfigurationPlatforms) = postSolution
		{0AFC1DA6-EA3C-47A0-A8A8-468753377B81}.Debug|Any CPU.ActiveCfg = Debug|Any CPU
		{0AFC1DA6-EA3C-47A0-A8A8-468753377B81}.Debug|Any CPU.Build.0 = Debug|Any CPU
		{0AFC1DA6-EA3C-47A0-A8A8-468753377B81}.Release|Any CPU.ActiveCfg = Release|Any CPU
		{0AFC1DA6-EA3C-47A0-A8A8-468753377B81}.Release|Any CPU.Build.0 = Release|Any CPU
		{017E87F3-B064-4322-AE01-BF34D4340B53}.Debug|Any CPU.ActiveCfg = Debug|Any CPU
		{017E87F3-B064-4322-AE01-BF34D4340B53}.Debug|Any CPU.Build.0 = Debug|Any CPU
		{017E87F3-B064-4322-AE01-BF34D4340B53}.Release|Any CPU.ActiveCfg = Release|Any CPU
		{017E87F3-B064-4322-AE01-BF34D4340B53}.Release|Any CPU.Build.0 = Release|Any CPU
		{C1427ACC-C967-4AFC-BA52-913720AD3806}.Debug|Any CPU.ActiveCfg = Debug|Any CPU
		{C1427ACC-C967-4AFC-BA52-913720AD3806}.Debug|Any CPU.Build.0 = Debug|Any CPU
		{C1427ACC-C967-4AFC-BA52-913720AD3806}.Release|Any CPU.ActiveCfg = Release|Any CPU
		{C1427ACC-C967-4AFC-BA52-913720AD3806}.Release|Any CPU.Build.0 = Release|Any CPU
		{C75AC340-376B-4FB7-BD34-B0E12DB1025E}.Debug|Any CPU.ActiveCfg = Debug|Any CPU
		{C75AC340-376B-4FB7-BD34-B0E12DB1025E}.Debug|Any CPU.Build.0 = Debug|Any CPU
		{C75AC340-376B-4FB7-BD34-B0E12DB1025E}.Release|Any CPU.ActiveCfg = Release|Any CPU
		{C75AC340-376B-4FB7-BD34-B0E12DB1025E}.Release|Any CPU.Build.0 = Release|Any CPU
		{157C1416-B285-4BF7-81A3-6113DC16D7AA}.Debug|Any CPU.ActiveCfg = Debug|Any CPU
		{157C1416-B285-4BF7-81A3-6113DC16D7AA}.Debug|Any CPU.Build.0 = Debug|Any CPU
		{157C1416-B285-4BF7-81A3-6113DC16D7AA}.Release|Any CPU.ActiveCfg = Release|Any CPU
		{157C1416-B285-4BF7-81A3-6113DC16D7AA}.Release|Any CPU.Build.0 = Release|Any CPU
		{D33D7A75-A55D-4D17-865A-D12AF47D503F}.Debug|Any CPU.ActiveCfg = Debug|Any CPU
		{D33D7A75-A55D-4D17-865A-D12AF47D503F}.Debug|Any CPU.Build.0 = Debug|Any CPU
		{D33D7A75-A55D-4D17-865A-D12AF47D503F}.Release|Any CPU.ActiveCfg = Release|Any CPU
		{D33D7A75-A55D-4D17-865A-D12AF47D503F}.Release|Any CPU.Build.0 = Release|Any CPU
	EndGlobalSection
	GlobalSection(SolutionProperties) = preSolution
		HideSolutionNode = FALSE
	EndGlobalSection
	GlobalSection(ExtensibilityGlobals) = postSolution
		SolutionGuid = {A927FB5E-4BB8-4424-AAC0-E5CE3D844282}
	EndGlobalSection
EndGlobal
