
Microsoft Visual Studio Solution File, Format Version 12.00
# Visual Studio Version 17
VisualStudioVersion = 17.6.33815.320
MinimumVisualStudioVersion = 10.0.40219.1
Project("{9A19103F-16F7-4668-BE54-9A1E7A4F7556}") = "Catharsium.Images.ConsoleApp", "Catharsium.Images.ConsoleApp\Catharsium.Images.ConsoleApp.csproj", "{0AFC1DA6-EA3C-47A0-A8A8-468753377B81}"
EndProject
Project("{9A19103F-16F7-4668-BE54-9A1E7A4F7556}") = "Catharsium.Images.Watermarking", "Catharsium.Images.Watermarking\Catharsium.Images.Watermarking.csproj", "{017E87F3-B064-4322-AE01-BF34D4340B53}"
EndProject
Project("{FAE04EC0-301F-11D3-BF4B-00C04F79EFBC}") = "Catharsium.Images.ConsoleApp.Tests", "Catharsium.Images.ConsoleApp.Tests\Catharsium.Images.ConsoleApp.Tests.csproj", "{C1427ACC-C967-4AFC-BA52-913720AD3806}"
EndProject
Project("{FAE04EC0-301F-11D3-BF4B-00C04F79EFBC}") = "Catharsium.Images.Watermarking.Tests", "Catharsium.Images.Watermarking.Tests\Catharsium.Images.Watermarking.Tests.csproj", "{C75AC340-376B-4FB7-BD34-B0E12DB1025E}"
EndProject
Global
	GlobalSection(SolutionConfigurationPlatforms) = preSolution
		Debug|Any CPU = Debug|Any CPU
		Release|Any CPU = Release|Any CPU
	EndGlobalSection
	GlobalSection(ProjectConfigurationPlatforms) = postSolution
		{0AFC1DA6-EA3C-47A0-A8A8-468753377B81}.Debug|Any CPU.ActiveCfg = Debug|Any CPU
		{0AFC1DA6-EA3C-47A0-A8A8-468753377B81}.Debug|Any CPU.Build.0 = Debug|Any CPU
		{0AFC1DA6-EA3C-47A0-A8A8-468753377B81}.Release|Any CPU.ActiveCfg = Release|Any CPU
		{0AFC1DA6-EA3C-47A0-A8A8-468753377B81}.Release|Any CPU.Build.0 = Release|Any CPU
		{017E87F3-B064-4322-AE01-BF34D4340B53}.Debug|Any CPU.ActiveCfg = Debug|Any CPU
		{017E87F3-B064-4322-AE01-BF34D4340B53}.Debug|Any CPU.Build.0 = Debug|Any CPU
		{017E87F3-B064-4322-AE01-BF34D4340B53}.Release|Any CPU.ActiveCfg = Release|Any CPU
		{017E87F3-B064-4322-AE01-BF34D4340B53}.Release|Any CPU.Build.0 = Release|Any CPU
		{C1427ACC-C967-4AFC-BA52-913720AD3806}.Debug|Any CPU.ActiveCfg = Debug|Any CPU
		{C1427ACC-C967-4AFC-BA52-913720AD3806}.Debug|Any CPU.Build.0 = Debug|Any CPU
		{C1427ACC-C967-4AFC-BA52-913720AD3806}.Release|Any CPU.ActiveCfg = Release|Any CPU
		{C1427ACC-C967-4AFC-BA52-913720AD3806}.Release|Any CPU.Build.0 = Release|Any CPU
		{C75AC340-376B-4FB7-BD34-B0E12DB1025E}.Debug|Any CPU.ActiveCfg = Debug|Any CPU
		{C75AC340-376B-4FB7-BD34-B0E12DB1025E}.Debug|Any CPU.Build.0 = Debug|Any CPU
		{C75AC340-376B-4FB7-BD34-B0E12DB1025E}.Release|Any CPU.ActiveCfg = Release|Any CPU
		{C75AC340-376B-4FB7-BD34-B0E12DB1025E}.Release|Any CPU.Build.0 = Release|Any CPU
	EndGlobalSection
	GlobalSection(SolutionProperties) = preSolution
		HideSolutionNode = FALSE
	EndGlobalSection
	GlobalSection(ExtensibilityGlobals) = postSolution
		SolutionGuid = {A927FB5E-4BB8-4424-AAC0-E5CE3D844282}
	EndGlobalSection
EndGlobal
